// !$*UTF8*$!
{
	archiveVersion = 1;
	classes = {
	};
	objectVersion = 46;
	objects = {

/* Begin PBXBuildFile section */
		811E25A61E12769200744599 /* main.m in Sources */ = {isa = PBXBuildFile; fileRef = 811E25A51E12769200744599 /* main.m */; };
		811E25A91E12769200744599 /* AppDelegate.m in Sources */ = {isa = PBXBuildFile; fileRef = 811E25A81E12769200744599 /* AppDelegate.m */; };
		811E25AF1E12769200744599 /* Main.storyboard in Resources */ = {isa = PBXBuildFile; fileRef = 811E25AD1E12769200744599 /* Main.storyboard */; };
		811E25B11E12769200744599 /* Assets.xcassets in Resources */ = {isa = PBXBuildFile; fileRef = 811E25B01E12769200744599 /* Assets.xcassets */; };
		811E25B41E12769200744599 /* LaunchScreen.storyboard in Resources */ = {isa = PBXBuildFile; fileRef = 811E25B21E12769200744599 /* LaunchScreen.storyboard */; };
		811E25BF1E12769200744599 /* CustomTabBarTests.m in Sources */ = {isa = PBXBuildFile; fileRef = 811E25BE1E12769200744599 /* CustomTabBarTests.m */; };
		811E25CA1E12769200744599 /* CustomTabBarUITests.m in Sources */ = {isa = PBXBuildFile; fileRef = 811E25C91E12769200744599 /* CustomTabBarUITests.m */; };
		811E25E01E1277BB00744599 /* CustomTabBarController.m in Sources */ = {isa = PBXBuildFile; fileRef = 811E25DF1E1277BB00744599 /* CustomTabBarController.m */; };
		8136AC881E28AD4C00966AF4 /* SHTopicBaseTableViewController.m in Sources */ = {isa = PBXBuildFile; fileRef = 8136AC7D1E28AD4C00966AF4 /* SHTopicBaseTableViewController.m */; };
		8136AC891E28AD4C00966AF4 /* SHTopicFiveViewController.m in Sources */ = {isa = PBXBuildFile; fileRef = 8136AC7F1E28AD4C00966AF4 /* SHTopicFiveViewController.m */; };
		8136AC8A1E28AD4C00966AF4 /* SHTopicFourViewController.m in Sources */ = {isa = PBXBuildFile; fileRef = 8136AC811E28AD4C00966AF4 /* SHTopicFourViewController.m */; };
		8136AC8B1E28AD4C00966AF4 /* SHTopicOneTBController.m in Sources */ = {isa = PBXBuildFile; fileRef = 8136AC831E28AD4C00966AF4 /* SHTopicOneTBController.m */; };
		8136AC8C1E28AD4C00966AF4 /* SHTopicThreeViewController.m in Sources */ = {isa = PBXBuildFile; fileRef = 8136AC851E28AD4C00966AF4 /* SHTopicThreeViewController.m */; };
		8136AC8D1E28AD4C00966AF4 /* SHTopicTwoViewController.m in Sources */ = {isa = PBXBuildFile; fileRef = 8136AC871E28AD4C00966AF4 /* SHTopicTwoViewController.m */; };
		8136AC921E28B88500966AF4 /* SHTopicViewCell.m in Sources */ = {isa = PBXBuildFile; fileRef = 8136AC901E28B88500966AF4 /* SHTopicViewCell.m */; };
		8136AC931E28B88500966AF4 /* SHTopicViewCell.xib in Resources */ = {isa = PBXBuildFile; fileRef = 8136AC911E28B88500966AF4 /* SHTopicViewCell.xib */; };
		8136AC961E28BC3500966AF4 /* SHTitleBtn.m in Sources */ = {isa = PBXBuildFile; fileRef = 8136AC951E28BC3500966AF4 /* SHTitleBtn.m */; };
		813F18D21EFA1E19001A6493 /* SHFiveViewController.m in Sources */ = {isa = PBXBuildFile; fileRef = 813F18C91EFA1E19001A6493 /* SHFiveViewController.m */; };
		813F18D31EFA1E19001A6493 /* SHFiveViewController.storyboard in Resources */ = {isa = PBXBuildFile; fileRef = 813F18CA1EFA1E19001A6493 /* SHFiveViewController.storyboard */; };
		813F18D41EFA1E19001A6493 /* SHSquareItem.m in Sources */ = {isa = PBXBuildFile; fileRef = 813F18CD1EFA1E19001A6493 /* SHSquareItem.m */; };
		813F18D51EFA1E19001A6493 /* SHSquareCell.m in Sources */ = {isa = PBXBuildFile; fileRef = 813F18D01EFA1E19001A6493 /* SHSquareCell.m */; };
		813F18D61EFA1E19001A6493 /* SHSquareCell.xib in Resources */ = {isa = PBXBuildFile; fileRef = 813F18D11EFA1E19001A6493 /* SHSquareCell.xib */; };
		81B05F0E1E233077002A5CC9 /* UIImage+SHOriginalImage.m in Sources */ = {isa = PBXBuildFile; fileRef = 81B05F0D1E233077002A5CC9 /* UIImage+SHOriginalImage.m */; };
		81B05F111E2339CE002A5CC9 /* SHTabBar.m in Sources */ = {isa = PBXBuildFile; fileRef = 81B05F101E2339CE002A5CC9 /* SHTabBar.m */; };
		81B05F141E233AAB002A5CC9 /* UIView+SHFrame.m in Sources */ = {isa = PBXBuildFile; fileRef = 81B05F131E233AAB002A5CC9 /* UIView+SHFrame.m */; };
		81B05F191E235E7E002A5CC9 /* SHConstStr.m in Sources */ = {isa = PBXBuildFile; fileRef = 81B05F181E235E7E002A5CC9 /* SHConstStr.m */; };
		81B05F201E2366C3002A5CC9 /* SHNavigationController.m in Sources */ = {isa = PBXBuildFile; fileRef = 81B05F1F1E2366C3002A5CC9 /* SHNavigationController.m */; };
		81B05F231E236AF9002A5CC9 /* UIBarButtonItem+SHItem.m in Sources */ = {isa = PBXBuildFile; fileRef = 81B05F221E236AF9002A5CC9 /* UIBarButtonItem+SHItem.m */; };
		81B05F261E236D30002A5CC9 /* SHSubTagViewController.m in Sources */ = {isa = PBXBuildFile; fileRef = 81B05F251E236D30002A5CC9 /* SHSubTagViewController.m */; };
		81B05F291E2379F2002A5CC9 /* SHTagOneViewController.m in Sources */ = {isa = PBXBuildFile; fileRef = 81B05F281E2379F2002A5CC9 /* SHTagOneViewController.m */; };
		81B05F2C1E2379FE002A5CC9 /* SHTagTwoViewController.m in Sources */ = {isa = PBXBuildFile; fileRef = 81B05F2B1E2379FE002A5CC9 /* SHTagTwoViewController.m */; };
		81BFA94F1E1D05AD00D0AD35 /* SHOneViewController.m in Sources */ = {isa = PBXBuildFile; fileRef = 81BFA94E1E1D05AD00D0AD35 /* SHOneViewController.m */; };
		81BFA9521E1D05C200D0AD35 /* SHTwoViewController.m in Sources */ = {isa = PBXBuildFile; fileRef = 81BFA9511E1D05C200D0AD35 /* SHTwoViewController.m */; };
		81BFA9551E1D05CE00D0AD35 /* SHThreeViewController.m in Sources */ = {isa = PBXBuildFile; fileRef = 81BFA9541E1D05CE00D0AD35 /* SHThreeViewController.m */; };
		81BFA9581E1D05DA00D0AD35 /* SHFourViewController.m in Sources */ = {isa = PBXBuildFile; fileRef = 81BFA9571E1D05DA00D0AD35 /* SHFourViewController.m */; };
		81C269901E262A930057AC6B /* UIImageView+SHDownloader.m in Sources */ = {isa = PBXBuildFile; fileRef = 81C2698F1E262A930057AC6B /* UIImageView+SHDownloader.m */; };
		81DE2BA21E248D7100AF177A /* SHSubTagTwoTBController.m in Sources */ = {isa = PBXBuildFile; fileRef = 81DE2BA11E248D7100AF177A /* SHSubTagTwoTBController.m */; };
		81DE2BA61E248D9C00AF177A /* SHSubTagTwoCell.m in Sources */ = {isa = PBXBuildFile; fileRef = 81DE2BA41E248D9C00AF177A /* SHSubTagTwoCell.m */; };
		81DE2BA71E248D9C00AF177A /* SHSubTagTwoCell.xib in Resources */ = {isa = PBXBuildFile; fileRef = 81DE2BA51E248D9C00AF177A /* SHSubTagTwoCell.xib */; };
		81DE2BAA1E24C05100AF177A /* SHSubTagItem.m in Sources */ = {isa = PBXBuildFile; fileRef = 81DE2BA91E24C05100AF177A /* SHSubTagItem.m */; };
		81DE2BAF1E24C30800AF177A /* SHAFNManger.m in Sources */ = {isa = PBXBuildFile; fileRef = 81DE2BAE1E24C30800AF177A /* SHAFNManger.m */; };
		B446612DA7EE00E0F2CD011F /* libPods-CustomTabBar.a in Frameworks */ = {isa = PBXBuildFile; fileRef = 750CF5498BB599A09C905493 /* libPods-CustomTabBar.a */; };
/* End PBXBuildFile section */

/* Begin PBXContainerItemProxy section */
		811E25BB1E12769200744599 /* PBXContainerItemProxy */ = {
			isa = PBXContainerItemProxy;
			containerPortal = 811E25991E12769200744599 /* Project object */;
			proxyType = 1;
			remoteGlobalIDString = 811E25A01E12769200744599;
			remoteInfo = CustomTabBar;
		};
		811E25C61E12769200744599 /* PBXContainerItemProxy */ = {
			isa = PBXContainerItemProxy;
			containerPortal = 811E25991E12769200744599 /* Project object */;
			proxyType = 1;
			remoteGlobalIDString = 811E25A01E12769200744599;
			remoteInfo = CustomTabBar;
		};
/* End PBXContainerItemProxy section */

/* Begin PBXFileReference section */
		6FDFEB2C25170984EA18B699 /* Pods-CustomTabBar.debug.xcconfig */ = {isa = PBXFileReference; includeInIndex = 1; lastKnownFileType = text.xcconfig; name = "Pods-CustomTabBar.debug.xcconfig"; path = "Pods/Target Support Files/Pods-CustomTabBar/Pods-CustomTabBar.debug.xcconfig"; sourceTree = "<group>"; };
		750CF5498BB599A09C905493 /* libPods-CustomTabBar.a */ = {isa = PBXFileReference; explicitFileType = archive.ar; includeInIndex = 0; path = "libPods-CustomTabBar.a"; sourceTree = BUILT_PRODUCTS_DIR; };
		811E25A11E12769200744599 /* CustomTabBar.app */ = {isa = PBXFileReference; explicitFileType = wrapper.application; includeInIndex = 0; path = CustomTabBar.app; sourceTree = BUILT_PRODUCTS_DIR; };
		811E25A51E12769200744599 /* main.m */ = {isa = PBXFileReference; lastKnownFileType = sourcecode.c.objc; path = main.m; sourceTree = "<group>"; };
		811E25A71E12769200744599 /* AppDelegate.h */ = {isa = PBXFileReference; lastKnownFileType = sourcecode.c.h; path = AppDelegate.h; sourceTree = "<group>"; };
		811E25A81E12769200744599 /* AppDelegate.m */ = {isa = PBXFileReference; lastKnownFileType = sourcecode.c.objc; path = AppDelegate.m; sourceTree = "<group>"; };
		811E25AE1E12769200744599 /* Base */ = {isa = PBXFileReference; lastKnownFileType = file.storyboard; name = Base; path = Base.lproj/Main.storyboard; sourceTree = "<group>"; };
		811E25B01E12769200744599 /* Assets.xcassets */ = {isa = PBXFileReference; lastKnownFileType = folder.assetcatalog; path = Assets.xcassets; sourceTree = "<group>"; };
		811E25B31E12769200744599 /* Base */ = {isa = PBXFileReference; lastKnownFileType = file.storyboard; name = Base; path = Base.lproj/LaunchScreen.storyboard; sourceTree = "<group>"; };
		811E25B51E12769200744599 /* Info.plist */ = {isa = PBXFileReference; lastKnownFileType = text.plist.xml; path = Info.plist; sourceTree = "<group>"; };
		811E25BA1E12769200744599 /* CustomTabBarTests.xctest */ = {isa = PBXFileReference; explicitFileType = wrapper.cfbundle; includeInIndex = 0; path = CustomTabBarTests.xctest; sourceTree = BUILT_PRODUCTS_DIR; };
		811E25BE1E12769200744599 /* CustomTabBarTests.m */ = {isa = PBXFileReference; lastKnownFileType = sourcecode.c.objc; path = CustomTabBarTests.m; sourceTree = "<group>"; };
		811E25C01E12769200744599 /* Info.plist */ = {isa = PBXFileReference; lastKnownFileType = text.plist.xml; path = Info.plist; sourceTree = "<group>"; };
		811E25C51E12769200744599 /* CustomTabBarUITests.xctest */ = {isa = PBXFileReference; explicitFileType = wrapper.cfbundle; includeInIndex = 0; path = CustomTabBarUITests.xctest; sourceTree = BUILT_PRODUCTS_DIR; };
		811E25C91E12769200744599 /* CustomTabBarUITests.m */ = {isa = PBXFileReference; lastKnownFileType = sourcecode.c.objc; path = CustomTabBarUITests.m; sourceTree = "<group>"; };
		811E25CB1E12769200744599 /* Info.plist */ = {isa = PBXFileReference; lastKnownFileType = text.plist.xml; path = Info.plist; sourceTree = "<group>"; };
		811E25DE1E1277BB00744599 /* CustomTabBarController.h */ = {isa = PBXFileReference; fileEncoding = 4; lastKnownFileType = sourcecode.c.h; path = CustomTabBarController.h; sourceTree = "<group>"; };
		811E25DF1E1277BB00744599 /* CustomTabBarController.m */ = {isa = PBXFileReference; fileEncoding = 4; lastKnownFileType = sourcecode.c.objc; path = CustomTabBarController.m; sourceTree = "<group>"; };
		811E25E11E12782C00744599 /* CustomTabBar.pch */ = {isa = PBXFileReference; fileEncoding = 4; lastKnownFileType = sourcecode.c.h; name = CustomTabBar.pch; path = Class/CustomTabBar.pch; sourceTree = "<group>"; };
		8136AC7C1E28AD4C00966AF4 /* SHTopicBaseTableViewController.h */ = {isa = PBXFileReference; fileEncoding = 4; lastKnownFileType = sourcecode.c.h; path = SHTopicBaseTableViewController.h; sourceTree = "<group>"; };
		8136AC7D1E28AD4C00966AF4 /* SHTopicBaseTableViewController.m */ = {isa = PBXFileReference; fileEncoding = 4; lastKnownFileType = sourcecode.c.objc; path = SHTopicBaseTableViewController.m; sourceTree = "<group>"; };
		8136AC7E1E28AD4C00966AF4 /* SHTopicFiveViewController.h */ = {isa = PBXFileReference; fileEncoding = 4; lastKnownFileType = sourcecode.c.h; path = SHTopicFiveViewController.h; sourceTree = "<group>"; };
		8136AC7F1E28AD4C00966AF4 /* SHTopicFiveViewController.m */ = {isa = PBXFileReference; fileEncoding = 4; lastKnownFileType = sourcecode.c.objc; path = SHTopicFiveViewController.m; sourceTree = "<group>"; };
		8136AC801E28AD4C00966AF4 /* SHTopicFourViewController.h */ = {isa = PBXFileReference; fileEncoding = 4; lastKnownFileType = sourcecode.c.h; path = SHTopicFourViewController.h; sourceTree = "<group>"; };
		8136AC811E28AD4C00966AF4 /* SHTopicFourViewController.m */ = {isa = PBXFileReference; fileEncoding = 4; lastKnownFileType = sourcecode.c.objc; path = SHTopicFourViewController.m; sourceTree = "<group>"; };
		8136AC821E28AD4C00966AF4 /* SHTopicOneTBController.h */ = {isa = PBXFileReference; fileEncoding = 4; lastKnownFileType = sourcecode.c.h; path = SHTopicOneTBController.h; sourceTree = "<group>"; };
		8136AC831E28AD4C00966AF4 /* SHTopicOneTBController.m */ = {isa = PBXFileReference; fileEncoding = 4; lastKnownFileType = sourcecode.c.objc; path = SHTopicOneTBController.m; sourceTree = "<group>"; };
		8136AC841E28AD4C00966AF4 /* SHTopicThreeViewController.h */ = {isa = PBXFileReference; fileEncoding = 4; lastKnownFileType = sourcecode.c.h; path = SHTopicThreeViewController.h; sourceTree = "<group>"; };
		8136AC851E28AD4C00966AF4 /* SHTopicThreeViewController.m */ = {isa = PBXFileReference; fileEncoding = 4; lastKnownFileType = sourcecode.c.objc; path = SHTopicThreeViewController.m; sourceTree = "<group>"; };
		8136AC861E28AD4C00966AF4 /* SHTopicTwoViewController.h */ = {isa = PBXFileReference; fileEncoding = 4; lastKnownFileType = sourcecode.c.h; path = SHTopicTwoViewController.h; sourceTree = "<group>"; };
		8136AC871E28AD4C00966AF4 /* SHTopicTwoViewController.m */ = {isa = PBXFileReference; fileEncoding = 4; lastKnownFileType = sourcecode.c.objc; path = SHTopicTwoViewController.m; sourceTree = "<group>"; };
		8136AC8F1E28B88500966AF4 /* SHTopicViewCell.h */ = {isa = PBXFileReference; fileEncoding = 4; lastKnownFileType = sourcecode.c.h; path = SHTopicViewCell.h; sourceTree = "<group>"; };
		8136AC901E28B88500966AF4 /* SHTopicViewCell.m */ = {isa = PBXFileReference; fileEncoding = 4; lastKnownFileType = sourcecode.c.objc; path = SHTopicViewCell.m; sourceTree = "<group>"; };
		8136AC911E28B88500966AF4 /* SHTopicViewCell.xib */ = {isa = PBXFileReference; fileEncoding = 4; lastKnownFileType = file.xib; path = SHTopicViewCell.xib; sourceTree = "<group>"; };
		8136AC941E28BC3500966AF4 /* SHTitleBtn.h */ = {isa = PBXFileReference; fileEncoding = 4; lastKnownFileType = sourcecode.c.h; path = SHTitleBtn.h; sourceTree = "<group>"; };
		8136AC951E28BC3500966AF4 /* SHTitleBtn.m */ = {isa = PBXFileReference; fileEncoding = 4; lastKnownFileType = sourcecode.c.objc; path = SHTitleBtn.m; sourceTree = "<group>"; };
		813F18C81EFA1E19001A6493 /* SHFiveViewController.h */ = {isa = PBXFileReference; fileEncoding = 4; lastKnownFileType = sourcecode.c.h; path = SHFiveViewController.h; sourceTree = "<group>"; };
		813F18C91EFA1E19001A6493 /* SHFiveViewController.m */ = {isa = PBXFileReference; fileEncoding = 4; lastKnownFileType = sourcecode.c.objc; path = SHFiveViewController.m; sourceTree = "<group>"; };
		813F18CA1EFA1E19001A6493 /* SHFiveViewController.storyboard */ = {isa = PBXFileReference; fileEncoding = 4; lastKnownFileType = file.storyboard; path = SHFiveViewController.storyboard; sourceTree = "<group>"; };
		813F18CC1EFA1E19001A6493 /* SHSquareItem.h */ = {isa = PBXFileReference; fileEncoding = 4; lastKnownFileType = sourcecode.c.h; path = SHSquareItem.h; sourceTree = "<group>"; };
		813F18CD1EFA1E19001A6493 /* SHSquareItem.m */ = {isa = PBXFileReference; fileEncoding = 4; lastKnownFileType = sourcecode.c.objc; path = SHSquareItem.m; sourceTree = "<group>"; };
		813F18CF1EFA1E19001A6493 /* SHSquareCell.h */ = {isa = PBXFileReference; fileEncoding = 4; lastKnownFileType = sourcecode.c.h; path = SHSquareCell.h; sourceTree = "<group>"; };
		813F18D01EFA1E19001A6493 /* SHSquareCell.m */ = {isa = PBXFileReference; fileEncoding = 4; lastKnownFileType = sourcecode.c.objc; path = SHSquareCell.m; sourceTree = "<group>"; };
		813F18D11EFA1E19001A6493 /* SHSquareCell.xib */ = {isa = PBXFileReference; fileEncoding = 4; lastKnownFileType = file.xib; path = SHSquareCell.xib; sourceTree = "<group>"; };
		81B05F0C1E233077002A5CC9 /* UIImage+SHOriginalImage.h */ = {isa = PBXFileReference; fileEncoding = 4; lastKnownFileType = sourcecode.c.h; path = "UIImage+SHOriginalImage.h"; sourceTree = "<group>"; };
		81B05F0D1E233077002A5CC9 /* UIImage+SHOriginalImage.m */ = {isa = PBXFileReference; fileEncoding = 4; lastKnownFileType = sourcecode.c.objc; path = "UIImage+SHOriginalImage.m"; sourceTree = "<group>"; };
		81B05F0F1E2339CE002A5CC9 /* SHTabBar.h */ = {isa = PBXFileReference; fileEncoding = 4; lastKnownFileType = sourcecode.c.h; path = SHTabBar.h; sourceTree = "<group>"; };
		81B05F101E2339CE002A5CC9 /* SHTabBar.m */ = {isa = PBXFileReference; fileEncoding = 4; lastKnownFileType = sourcecode.c.objc; path = SHTabBar.m; sourceTree = "<group>"; };
		81B05F121E233AAB002A5CC9 /* UIView+SHFrame.h */ = {isa = PBXFileReference; fileEncoding = 4; lastKnownFileType = sourcecode.c.h; path = "UIView+SHFrame.h"; sourceTree = "<group>"; };
		81B05F131E233AAB002A5CC9 /* UIView+SHFrame.m */ = {isa = PBXFileReference; fileEncoding = 4; lastKnownFileType = sourcecode.c.objc; path = "UIView+SHFrame.m"; sourceTree = "<group>"; };
		81B05F151E235BC9002A5CC9 /* CommonDeifine.h */ = {isa = PBXFileReference; fileEncoding = 4; lastKnownFileType = sourcecode.c.h; path = CommonDeifine.h; sourceTree = "<group>"; };
		81B05F171E235E7E002A5CC9 /* SHConstStr.h */ = {isa = PBXFileReference; fileEncoding = 4; lastKnownFileType = sourcecode.c.h; path = SHConstStr.h; sourceTree = "<group>"; };
		81B05F181E235E7E002A5CC9 /* SHConstStr.m */ = {isa = PBXFileReference; fileEncoding = 4; lastKnownFileType = sourcecode.c.objc; path = SHConstStr.m; sourceTree = "<group>"; };
		81B05F1E1E2366C3002A5CC9 /* SHNavigationController.h */ = {isa = PBXFileReference; fileEncoding = 4; lastKnownFileType = sourcecode.c.h; path = SHNavigationController.h; sourceTree = "<group>"; };
		81B05F1F1E2366C3002A5CC9 /* SHNavigationController.m */ = {isa = PBXFileReference; fileEncoding = 4; lastKnownFileType = sourcecode.c.objc; path = SHNavigationController.m; sourceTree = "<group>"; };
		81B05F211E236AF9002A5CC9 /* UIBarButtonItem+SHItem.h */ = {isa = PBXFileReference; fileEncoding = 4; lastKnownFileType = sourcecode.c.h; path = "UIBarButtonItem+SHItem.h"; sourceTree = "<group>"; };
		81B05F221E236AF9002A5CC9 /* UIBarButtonItem+SHItem.m */ = {isa = PBXFileReference; fileEncoding = 4; lastKnownFileType = sourcecode.c.objc; path = "UIBarButtonItem+SHItem.m"; sourceTree = "<group>"; };
		81B05F241E236D30002A5CC9 /* SHSubTagViewController.h */ = {isa = PBXFileReference; fileEncoding = 4; lastKnownFileType = sourcecode.c.h; path = SHSubTagViewController.h; sourceTree = "<group>"; };
		81B05F251E236D30002A5CC9 /* SHSubTagViewController.m */ = {isa = PBXFileReference; fileEncoding = 4; lastKnownFileType = sourcecode.c.objc; path = SHSubTagViewController.m; sourceTree = "<group>"; };
		81B05F271E2379F2002A5CC9 /* SHTagOneViewController.h */ = {isa = PBXFileReference; fileEncoding = 4; lastKnownFileType = sourcecode.c.h; path = SHTagOneViewController.h; sourceTree = "<group>"; };
		81B05F281E2379F2002A5CC9 /* SHTagOneViewController.m */ = {isa = PBXFileReference; fileEncoding = 4; lastKnownFileType = sourcecode.c.objc; path = SHTagOneViewController.m; sourceTree = "<group>"; };
		81B05F2A1E2379FE002A5CC9 /* SHTagTwoViewController.h */ = {isa = PBXFileReference; fileEncoding = 4; lastKnownFileType = sourcecode.c.h; path = SHTagTwoViewController.h; sourceTree = "<group>"; };
		81B05F2B1E2379FE002A5CC9 /* SHTagTwoViewController.m */ = {isa = PBXFileReference; fileEncoding = 4; lastKnownFileType = sourcecode.c.objc; path = SHTagTwoViewController.m; sourceTree = "<group>"; };
		81BFA94D1E1D05AD00D0AD35 /* SHOneViewController.h */ = {isa = PBXFileReference; fileEncoding = 4; lastKnownFileType = sourcecode.c.h; path = SHOneViewController.h; sourceTree = "<group>"; };
		81BFA94E1E1D05AD00D0AD35 /* SHOneViewController.m */ = {isa = PBXFileReference; fileEncoding = 4; lastKnownFileType = sourcecode.c.objc; path = SHOneViewController.m; sourceTree = "<group>"; };
		81BFA9501E1D05C200D0AD35 /* SHTwoViewController.h */ = {isa = PBXFileReference; fileEncoding = 4; lastKnownFileType = sourcecode.c.h; path = SHTwoViewController.h; sourceTree = "<group>"; };
		81BFA9511E1D05C200D0AD35 /* SHTwoViewController.m */ = {isa = PBXFileReference; fileEncoding = 4; lastKnownFileType = sourcecode.c.objc; path = SHTwoViewController.m; sourceTree = "<group>"; };
		81BFA9531E1D05CE00D0AD35 /* SHThreeViewController.h */ = {isa = PBXFileReference; fileEncoding = 4; lastKnownFileType = sourcecode.c.h; path = SHThreeViewController.h; sourceTree = "<group>"; };
		81BFA9541E1D05CE00D0AD35 /* SHThreeViewController.m */ = {isa = PBXFileReference; fileEncoding = 4; lastKnownFileType = sourcecode.c.objc; path = SHThreeViewController.m; sourceTree = "<group>"; };
		81BFA9561E1D05DA00D0AD35 /* SHFourViewController.h */ = {isa = PBXFileReference; fileEncoding = 4; lastKnownFileType = sourcecode.c.h; path = SHFourViewController.h; sourceTree = "<group>"; };
		81BFA9571E1D05DA00D0AD35 /* SHFourViewController.m */ = {isa = PBXFileReference; fileEncoding = 4; lastKnownFileType = sourcecode.c.objc; path = SHFourViewController.m; sourceTree = "<group>"; };
		81C2698E1E262A930057AC6B /* UIImageView+SHDownloader.h */ = {isa = PBXFileReference; fileEncoding = 4; lastKnownFileType = sourcecode.c.h; path = "UIImageView+SHDownloader.h"; sourceTree = "<group>"; };
		81C2698F1E262A930057AC6B /* UIImageView+SHDownloader.m */ = {isa = PBXFileReference; fileEncoding = 4; lastKnownFileType = sourcecode.c.objc; path = "UIImageView+SHDownloader.m"; sourceTree = "<group>"; };
		81DE2BA01E248D7100AF177A /* SHSubTagTwoTBController.h */ = {isa = PBXFileReference; fileEncoding = 4; lastKnownFileType = sourcecode.c.h; path = SHSubTagTwoTBController.h; sourceTree = "<group>"; };
		81DE2BA11E248D7100AF177A /* SHSubTagTwoTBController.m */ = {isa = PBXFileReference; fileEncoding = 4; lastKnownFileType = sourcecode.c.objc; path = SHSubTagTwoTBController.m; sourceTree = "<group>"; };
		81DE2BA31E248D9C00AF177A /* SHSubTagTwoCell.h */ = {isa = PBXFileReference; fileEncoding = 4; lastKnownFileType = sourcecode.c.h; path = SHSubTagTwoCell.h; sourceTree = "<group>"; };
		81DE2BA41E248D9C00AF177A /* SHSubTagTwoCell.m */ = {isa = PBXFileReference; fileEncoding = 4; lastKnownFileType = sourcecode.c.objc; path = SHSubTagTwoCell.m; sourceTree = "<group>"; };
		81DE2BA51E248D9C00AF177A /* SHSubTagTwoCell.xib */ = {isa = PBXFileReference; fileEncoding = 4; lastKnownFileType = file.xib; path = SHSubTagTwoCell.xib; sourceTree = "<group>"; };
		81DE2BA81E24C05100AF177A /* SHSubTagItem.h */ = {isa = PBXFileReference; fileEncoding = 4; lastKnownFileType = sourcecode.c.h; path = SHSubTagItem.h; sourceTree = "<group>"; };
		81DE2BA91E24C05100AF177A /* SHSubTagItem.m */ = {isa = PBXFileReference; fileEncoding = 4; lastKnownFileType = sourcecode.c.objc; path = SHSubTagItem.m; sourceTree = "<group>"; };
		81DE2BAD1E24C30800AF177A /* SHAFNManger.h */ = {isa = PBXFileReference; fileEncoding = 4; lastKnownFileType = sourcecode.c.h; path = SHAFNManger.h; sourceTree = "<group>"; };
		81DE2BAE1E24C30800AF177A /* SHAFNManger.m */ = {isa = PBXFileReference; fileEncoding = 4; lastKnownFileType = sourcecode.c.objc; path = SHAFNManger.m; sourceTree = "<group>"; };
		D7804082BF040B2299111758 /* Pods-CustomTabBar.release.xcconfig */ = {isa = PBXFileReference; includeInIndex = 1; lastKnownFileType = text.xcconfig; name = "Pods-CustomTabBar.release.xcconfig"; path = "Pods/Target Support Files/Pods-CustomTabBar/Pods-CustomTabBar.release.xcconfig"; sourceTree = "<group>"; };
/* End PBXFileReference section */

/* Begin PBXFrameworksBuildPhase section */
		811E259E1E12769200744599 /* Frameworks */ = {
			isa = PBXFrameworksBuildPhase;
			buildActionMask = 2147483647;
			files = (
				B446612DA7EE00E0F2CD011F /* libPods-CustomTabBar.a in Frameworks */,
			);
			runOnlyForDeploymentPostprocessing = 0;
		};
		811E25B71E12769200744599 /* Frameworks */ = {
			isa = PBXFrameworksBuildPhase;
			buildActionMask = 2147483647;
			files = (
			);
			runOnlyForDeploymentPostprocessing = 0;
		};
		811E25C21E12769200744599 /* Frameworks */ = {
			isa = PBXFrameworksBuildPhase;
			buildActionMask = 2147483647;
			files = (
			);
			runOnlyForDeploymentPostprocessing = 0;
		};
/* End PBXFrameworksBuildPhase section */

/* Begin PBXGroup section */
		6965F74C4FA700C02CB35E38 /* Pods */ = {
			isa = PBXGroup;
			children = (
				6FDFEB2C25170984EA18B699 /* Pods-CustomTabBar.debug.xcconfig */,
				D7804082BF040B2299111758 /* Pods-CustomTabBar.release.xcconfig */,
			);
			name = Pods;
			sourceTree = "<group>";
		};
		801443200DEA87F8E308CBDC /* Frameworks */ = {
			isa = PBXGroup;
			children = (
				750CF5498BB599A09C905493 /* libPods-CustomTabBar.a */,
			);
			name = Frameworks;
			sourceTree = "<group>";
		};
		811E25981E12769200744599 = {
			isa = PBXGroup;
			children = (
				811E25A31E12769200744599 /* CustomTabBar */,
				811E25BD1E12769200744599 /* CustomTabBarTests */,
				811E25C81E12769200744599 /* CustomTabBarUITests */,
				811E25A21E12769200744599 /* Products */,
				6965F74C4FA700C02CB35E38 /* Pods */,
				801443200DEA87F8E308CBDC /* Frameworks */,
			);
			sourceTree = "<group>";
		};
		811E25A21E12769200744599 /* Products */ = {
			isa = PBXGroup;
			children = (
				811E25A11E12769200744599 /* CustomTabBar.app */,
				811E25BA1E12769200744599 /* CustomTabBarTests.xctest */,
				811E25C51E12769200744599 /* CustomTabBarUITests.xctest */,
			);
			name = Products;
			sourceTree = "<group>";
		};
		811E25A31E12769200744599 /* CustomTabBar */ = {
			isa = PBXGroup;
			children = (
				811E25D71E12775700744599 /* Class */,
				811E25A71E12769200744599 /* AppDelegate.h */,
				811E25A81E12769200744599 /* AppDelegate.m */,
				811E25E11E12782C00744599 /* CustomTabBar.pch */,
				81B05F151E235BC9002A5CC9 /* CommonDeifine.h */,
				811E25AD1E12769200744599 /* Main.storyboard */,
				811E25B01E12769200744599 /* Assets.xcassets */,
				811E25B21E12769200744599 /* LaunchScreen.storyboard */,
				811E25B51E12769200744599 /* Info.plist */,
				811E25A41E12769200744599 /* Supporting Files */,
			);
			path = CustomTabBar;
			sourceTree = "<group>";
		};
		811E25A41E12769200744599 /* Supporting Files */ = {
			isa = PBXGroup;
			children = (
				811E25A51E12769200744599 /* main.m */,
			);
			name = "Supporting Files";
			sourceTree = "<group>";
		};
		811E25BD1E12769200744599 /* CustomTabBarTests */ = {
			isa = PBXGroup;
			children = (
				811E25BE1E12769200744599 /* CustomTabBarTests.m */,
				811E25C01E12769200744599 /* Info.plist */,
			);
			path = CustomTabBarTests;
			sourceTree = "<group>";
		};
		811E25C81E12769200744599 /* CustomTabBarUITests */ = {
			isa = PBXGroup;
			children = (
				811E25C91E12769200744599 /* CustomTabBarUITests.m */,
				811E25CB1E12769200744599 /* Info.plist */,
			);
			path = CustomTabBarUITests;
			sourceTree = "<group>";
		};
		811E25D71E12775700744599 /* Class */ = {
			isa = PBXGroup;
			children = (
				811E25F61E128ADF00744599 /* One */,
				811E25FE1E128ADF00744599 /* Two */,
				811E25FA1E128ADF00744599 /* Three */,
				811E25F21E128ADF00744599 /* Four */,
				813F18C61EFA1E19001A6493 /* Five */,
				811E25D81E12775700744599 /* Other */,
				811E25DA1E12775700744599 /* TabBar */,
				81B05F1A1E23669F002A5CC9 /* Nav */,
				811E26021E128B3000744599 /* SuperCls */,
			);
			path = Class;
			sourceTree = "<group>";
		};
		811E25D81E12775700744599 /* Other */ = {
			isa = PBXGroup;
			children = (
				81DE2BAB1E24C2D800AF177A /* AFTools */,
				81DE2BAC1E24C2D800AF177A /* Tools */,
				81B05F161E235E4D002A5CC9 /* ConstStr */,
				811E25D91E12775700744599 /* Category */,
			);
			path = Other;
			sourceTree = "<group>";
		};
		811E25D91E12775700744599 /* Category */ = {
			isa = PBXGroup;
			children = (
				81B05F0C1E233077002A5CC9 /* UIImage+SHOriginalImage.h */,
				81B05F0D1E233077002A5CC9 /* UIImage+SHOriginalImage.m */,
				81B05F121E233AAB002A5CC9 /* UIView+SHFrame.h */,
				81B05F131E233AAB002A5CC9 /* UIView+SHFrame.m */,
				81B05F211E236AF9002A5CC9 /* UIBarButtonItem+SHItem.h */,
				81B05F221E236AF9002A5CC9 /* UIBarButtonItem+SHItem.m */,
				81C2698E1E262A930057AC6B /* UIImageView+SHDownloader.h */,
				81C2698F1E262A930057AC6B /* UIImageView+SHDownloader.m */,
			);
			path = Category;
			sourceTree = "<group>";
		};
		811E25DA1E12775700744599 /* TabBar */ = {
			isa = PBXGroup;
			children = (
				811E25DB1E12775700744599 /* Controllers */,
				811E25DC1E12775700744599 /* Models */,
				811E25DD1E12775700744599 /* Views */,
			);
			path = TabBar;
			sourceTree = "<group>";
		};
		811E25DB1E12775700744599 /* Controllers */ = {
			isa = PBXGroup;
			children = (
				811E25DE1E1277BB00744599 /* CustomTabBarController.h */,
				811E25DF1E1277BB00744599 /* CustomTabBarController.m */,
			);
			path = Controllers;
			sourceTree = "<group>";
		};
		811E25DC1E12775700744599 /* Models */ = {
			isa = PBXGroup;
			children = (
			);
			path = Models;
			sourceTree = "<group>";
		};
		811E25DD1E12775700744599 /* Views */ = {
			isa = PBXGroup;
			children = (
				81B05F0F1E2339CE002A5CC9 /* SHTabBar.h */,
				81B05F101E2339CE002A5CC9 /* SHTabBar.m */,
			);
			path = Views;
			sourceTree = "<group>";
		};
		811E25F21E128ADF00744599 /* Four */ = {
			isa = PBXGroup;
			children = (
				811E25F31E128ADF00744599 /* Controllers */,
				811E25F41E128ADF00744599 /* Models */,
				811E25F51E128ADF00744599 /* Views */,
			);
			path = Four;
			sourceTree = "<group>";
		};
		811E25F31E128ADF00744599 /* Controllers */ = {
			isa = PBXGroup;
			children = (
				81BFA9561E1D05DA00D0AD35 /* SHFourViewController.h */,
				81BFA9571E1D05DA00D0AD35 /* SHFourViewController.m */,
			);
			path = Controllers;
			sourceTree = "<group>";
		};
		811E25F41E128ADF00744599 /* Models */ = {
			isa = PBXGroup;
			children = (
			);
			path = Models;
			sourceTree = "<group>";
		};
		811E25F51E128ADF00744599 /* Views */ = {
			isa = PBXGroup;
			children = (
			);
			path = Views;
			sourceTree = "<group>";
		};
		811E25F61E128ADF00744599 /* One */ = {
			isa = PBXGroup;
			children = (
				811E25F71E128ADF00744599 /* Controllers */,
				811E25F81E128ADF00744599 /* Models */,
				811E25F91E128ADF00744599 /* Views */,
			);
			path = One;
			sourceTree = "<group>";
		};
		811E25F71E128ADF00744599 /* Controllers */ = {
			isa = PBXGroup;
			children = (
				81BFA94D1E1D05AD00D0AD35 /* SHOneViewController.h */,
				81BFA94E1E1D05AD00D0AD35 /* SHOneViewController.m */,
				8136AC7B1E28AD4C00966AF4 /* Topic */,
			);
			path = Controllers;
			sourceTree = "<group>";
		};
		811E25F81E128ADF00744599 /* Models */ = {
			isa = PBXGroup;
			children = (
			);
			path = Models;
			sourceTree = "<group>";
		};
		811E25F91E128ADF00744599 /* Views */ = {
			isa = PBXGroup;
			children = (
				8136AC8E1E28B85400966AF4 /* TopicView */,
			);
			path = Views;
			sourceTree = "<group>";
		};
		811E25FA1E128ADF00744599 /* Three */ = {
			isa = PBXGroup;
			children = (
				811E25FB1E128ADF00744599 /* Controllers */,
				811E25FC1E128ADF00744599 /* Models */,
				811E25FD1E128ADF00744599 /* Views */,
			);
			path = Three;
			sourceTree = "<group>";
		};
		811E25FB1E128ADF00744599 /* Controllers */ = {
			isa = PBXGroup;
			children = (
				81BFA9531E1D05CE00D0AD35 /* SHThreeViewController.h */,
				81BFA9541E1D05CE00D0AD35 /* SHThreeViewController.m */,
			);
			path = Controllers;
			sourceTree = "<group>";
		};
		811E25FC1E128ADF00744599 /* Models */ = {
			isa = PBXGroup;
			children = (
			);
			path = Models;
			sourceTree = "<group>";
		};
		811E25FD1E128ADF00744599 /* Views */ = {
			isa = PBXGroup;
			children = (
			);
			path = Views;
			sourceTree = "<group>";
		};
		811E25FE1E128ADF00744599 /* Two */ = {
			isa = PBXGroup;
			children = (
				811E25FF1E128ADF00744599 /* Controllers */,
				811E26001E128ADF00744599 /* Models */,
				811E26011E128ADF00744599 /* Views */,
			);
			path = Two;
			sourceTree = "<group>";
		};
		811E25FF1E128ADF00744599 /* Controllers */ = {
			isa = PBXGroup;
			children = (
				81BFA9501E1D05C200D0AD35 /* SHTwoViewController.h */,
				81BFA9511E1D05C200D0AD35 /* SHTwoViewController.m */,
				81B05F241E236D30002A5CC9 /* SHSubTagViewController.h */,
				81B05F251E236D30002A5CC9 /* SHSubTagViewController.m */,
				81B05F271E2379F2002A5CC9 /* SHTagOneViewController.h */,
				81B05F281E2379F2002A5CC9 /* SHTagOneViewController.m */,
				81B05F2A1E2379FE002A5CC9 /* SHTagTwoViewController.h */,
				81B05F2B1E2379FE002A5CC9 /* SHTagTwoViewController.m */,
				81DE2BA01E248D7100AF177A /* SHSubTagTwoTBController.h */,
				81DE2BA11E248D7100AF177A /* SHSubTagTwoTBController.m */,
			);
			path = Controllers;
			sourceTree = "<group>";
		};
		811E26001E128ADF00744599 /* Models */ = {
			isa = PBXGroup;
			children = (
				81DE2BA81E24C05100AF177A /* SHSubTagItem.h */,
				81DE2BA91E24C05100AF177A /* SHSubTagItem.m */,
			);
			path = Models;
			sourceTree = "<group>";
		};
		811E26011E128ADF00744599 /* Views */ = {
			isa = PBXGroup;
			children = (
				81DE2BA31E248D9C00AF177A /* SHSubTagTwoCell.h */,
				81DE2BA41E248D9C00AF177A /* SHSubTagTwoCell.m */,
				81DE2BA51E248D9C00AF177A /* SHSubTagTwoCell.xib */,
			);
			path = Views;
			sourceTree = "<group>";
		};
		811E26021E128B3000744599 /* SuperCls */ = {
			isa = PBXGroup;
			children = (
				811E26031E128B3000744599 /* Controllers */,
				811E26041E128B3000744599 /* Models */,
				811E26051E128B3000744599 /* Views */,
			);
			path = SuperCls;
			sourceTree = "<group>";
		};
		811E26031E128B3000744599 /* Controllers */ = {
			isa = PBXGroup;
			children = (
			);
			path = Controllers;
			sourceTree = "<group>";
		};
		811E26041E128B3000744599 /* Models */ = {
			isa = PBXGroup;
			children = (
			);
			path = Models;
			sourceTree = "<group>";
		};
		811E26051E128B3000744599 /* Views */ = {
			isa = PBXGroup;
			children = (
			);
			path = Views;
			sourceTree = "<group>";
		};
		8136AC7B1E28AD4C00966AF4 /* Topic */ = {
			isa = PBXGroup;
			children = (
				8136AC7C1E28AD4C00966AF4 /* SHTopicBaseTableViewController.h */,
				8136AC7D1E28AD4C00966AF4 /* SHTopicBaseTableViewController.m */,
				8136AC7E1E28AD4C00966AF4 /* SHTopicFiveViewController.h */,
				8136AC7F1E28AD4C00966AF4 /* SHTopicFiveViewController.m */,
				8136AC801E28AD4C00966AF4 /* SHTopicFourViewController.h */,
				8136AC811E28AD4C00966AF4 /* SHTopicFourViewController.m */,
				8136AC821E28AD4C00966AF4 /* SHTopicOneTBController.h */,
				8136AC831E28AD4C00966AF4 /* SHTopicOneTBController.m */,
				8136AC841E28AD4C00966AF4 /* SHTopicThreeViewController.h */,
				8136AC851E28AD4C00966AF4 /* SHTopicThreeViewController.m */,
				8136AC861E28AD4C00966AF4 /* SHTopicTwoViewController.h */,
				8136AC871E28AD4C00966AF4 /* SHTopicTwoViewController.m */,
			);
			path = Topic;
			sourceTree = "<group>";
		};
		8136AC8E1E28B85400966AF4 /* TopicView */ = {
			isa = PBXGroup;
			children = (
				8136AC8F1E28B88500966AF4 /* SHTopicViewCell.h */,
				8136AC901E28B88500966AF4 /* SHTopicViewCell.m */,
				8136AC911E28B88500966AF4 /* SHTopicViewCell.xib */,
				8136AC941E28BC3500966AF4 /* SHTitleBtn.h */,
				8136AC951E28BC3500966AF4 /* SHTitleBtn.m */,
			);
			path = TopicView;
			sourceTree = "<group>";
		};
		813F18C61EFA1E19001A6493 /* Five */ = {
			isa = PBXGroup;
			children = (
				813F18C71EFA1E19001A6493 /* Controllers */,
				813F18CB1EFA1E19001A6493 /* Models */,
				813F18CE1EFA1E19001A6493 /* Views */,
			);
			path = Five;
			sourceTree = "<group>";
		};
		813F18C71EFA1E19001A6493 /* Controllers */ = {
			isa = PBXGroup;
			children = (
				813F18C81EFA1E19001A6493 /* SHFiveViewController.h */,
				813F18C91EFA1E19001A6493 /* SHFiveViewController.m */,
				813F18CA1EFA1E19001A6493 /* SHFiveViewController.storyboard */,
			);
			path = Controllers;
			sourceTree = "<group>";
		};
		813F18CB1EFA1E19001A6493 /* Models */ = {
			isa = PBXGroup;
			children = (
				813F18CC1EFA1E19001A6493 /* SHSquareItem.h */,
				813F18CD1EFA1E19001A6493 /* SHSquareItem.m */,
			);
			path = Models;
			sourceTree = "<group>";
		};
		813F18CE1EFA1E19001A6493 /* Views */ = {
			isa = PBXGroup;
			children = (
				813F18CF1EFA1E19001A6493 /* SHSquareCell.h */,
				813F18D01EFA1E19001A6493 /* SHSquareCell.m */,
				813F18D11EFA1E19001A6493 /* SHSquareCell.xib */,
			);
			path = Views;
			sourceTree = "<group>";
		};
		81B05F161E235E4D002A5CC9 /* ConstStr */ = {
			isa = PBXGroup;
			children = (
				81B05F171E235E7E002A5CC9 /* SHConstStr.h */,
				81B05F181E235E7E002A5CC9 /* SHConstStr.m */,
			);
			path = ConstStr;
			sourceTree = "<group>";
		};
		81B05F1A1E23669F002A5CC9 /* Nav */ = {
			isa = PBXGroup;
			children = (
				81B05F1B1E23669F002A5CC9 /* Controllers */,
				81B05F1C1E23669F002A5CC9 /* Models */,
				81B05F1D1E23669F002A5CC9 /* Views */,
			);
			path = Nav;
			sourceTree = "<group>";
		};
		81B05F1B1E23669F002A5CC9 /* Controllers */ = {
			isa = PBXGroup;
			children = (
				81B05F1E1E2366C3002A5CC9 /* SHNavigationController.h */,
				81B05F1F1E2366C3002A5CC9 /* SHNavigationController.m */,
			);
			path = Controllers;
			sourceTree = "<group>";
		};
		81B05F1C1E23669F002A5CC9 /* Models */ = {
			isa = PBXGroup;
			children = (
			);
			path = Models;
			sourceTree = "<group>";
		};
		81B05F1D1E23669F002A5CC9 /* Views */ = {
			isa = PBXGroup;
			children = (
			);
			path = Views;
			sourceTree = "<group>";
		};
		81DE2BAB1E24C2D800AF177A /* AFTools */ = {
			isa = PBXGroup;
			children = (
				81DE2BAD1E24C30800AF177A /* SHAFNManger.h */,
				81DE2BAE1E24C30800AF177A /* SHAFNManger.m */,
			);
			path = AFTools;
			sourceTree = "<group>";
		};
		81DE2BAC1E24C2D800AF177A /* Tools */ = {
			isa = PBXGroup;
			children = (
			);
			path = Tools;
			sourceTree = "<group>";
		};
/* End PBXGroup section */

/* Begin PBXNativeTarget section */
		811E25A01E12769200744599 /* CustomTabBar */ = {
			isa = PBXNativeTarget;
			buildConfigurationList = 811E25CE1E12769200744599 /* Build configuration list for PBXNativeTarget "CustomTabBar" */;
			buildPhases = (
				9A7B26D962137EEA421176A5 /* [CP] Check Pods Manifest.lock */,
				811E259D1E12769200744599 /* Sources */,
				811E259E1E12769200744599 /* Frameworks */,
				811E259F1E12769200744599 /* Resources */,
				E0C7E8E6A3B1DC218AA34B43 /* [CP] Embed Pods Frameworks */,
				F6DFACBFA48E4ED017A41E0B /* [CP] Copy Pods Resources */,
			);
			buildRules = (
			);
			dependencies = (
			);
			name = CustomTabBar;
			productName = CustomTabBar;
			productReference = 811E25A11E12769200744599 /* CustomTabBar.app */;
			productType = "com.apple.product-type.application";
		};
		811E25B91E12769200744599 /* CustomTabBarTests */ = {
			isa = PBXNativeTarget;
			buildConfigurationList = 811E25D11E12769200744599 /* Build configuration list for PBXNativeTarget "CustomTabBarTests" */;
			buildPhases = (
				811E25B61E12769200744599 /* Sources */,
				811E25B71E12769200744599 /* Frameworks */,
				811E25B81E12769200744599 /* Resources */,
			);
			buildRules = (
			);
			dependencies = (
				811E25BC1E12769200744599 /* PBXTargetDependency */,
			);
			name = CustomTabBarTests;
			productName = CustomTabBarTests;
			productReference = 811E25BA1E12769200744599 /* CustomTabBarTests.xctest */;
			productType = "com.apple.product-type.bundle.unit-test";
		};
		811E25C41E12769200744599 /* CustomTabBarUITests */ = {
			isa = PBXNativeTarget;
			buildConfigurationList = 811E25D41E12769200744599 /* Build configuration list for PBXNativeTarget "CustomTabBarUITests" */;
			buildPhases = (
				811E25C11E12769200744599 /* Sources */,
				811E25C21E12769200744599 /* Frameworks */,
				811E25C31E12769200744599 /* Resources */,
			);
			buildRules = (
			);
			dependencies = (
				811E25C71E12769200744599 /* PBXTargetDependency */,
			);
			name = CustomTabBarUITests;
			productName = CustomTabBarUITests;
			productReference = 811E25C51E12769200744599 /* CustomTabBarUITests.xctest */;
			productType = "com.apple.product-type.bundle.ui-testing";
		};
/* End PBXNativeTarget section */

/* Begin PBXProject section */
		811E25991E12769200744599 /* Project object */ = {
			isa = PBXProject;
			attributes = {
				CLASSPREFIX = SH;
				LastUpgradeCheck = 0810;
				ORGANIZATIONNAME = ios;
				TargetAttributes = {
					811E25A01E12769200744599 = {
						CreatedOnToolsVersion = 8.1;
						DevelopmentTeam = V2HDPP64PV;
						ProvisioningStyle = Automatic;
					};
					811E25B91E12769200744599 = {
						CreatedOnToolsVersion = 8.1;
						ProvisioningStyle = Automatic;
						TestTargetID = 811E25A01E12769200744599;
					};
					811E25C41E12769200744599 = {
						CreatedOnToolsVersion = 8.1;
						ProvisioningStyle = Automatic;
						TestTargetID = 811E25A01E12769200744599;
					};
				};
			};
			buildConfigurationList = 811E259C1E12769200744599 /* Build configuration list for PBXProject "CustomTabBar" */;
			compatibilityVersion = "Xcode 3.2";
			developmentRegion = English;
			hasScannedForEncodings = 0;
			knownRegions = (
				en,
				Base,
			);
			mainGroup = 811E25981E12769200744599;
			productRefGroup = 811E25A21E12769200744599 /* Products */;
			projectDirPath = "";
			projectRoot = "";
			targets = (
				811E25A01E12769200744599 /* CustomTabBar */,
				811E25B91E12769200744599 /* CustomTabBarTests */,
				811E25C41E12769200744599 /* CustomTabBarUITests */,
			);
		};
/* End PBXProject section */

/* Begin PBXResourcesBuildPhase section */
		811E259F1E12769200744599 /* Resources */ = {
			isa = PBXResourcesBuildPhase;
			buildActionMask = 2147483647;
			files = (
				811E25B41E12769200744599 /* LaunchScreen.storyboard in Resources */,
				8136AC931E28B88500966AF4 /* SHTopicViewCell.xib in Resources */,
				813F18D61EFA1E19001A6493 /* SHSquareCell.xib in Resources */,
				813F18D31EFA1E19001A6493 /* SHFiveViewController.storyboard in Resources */,
				811E25B11E12769200744599 /* Assets.xcassets in Resources */,
				811E25AF1E12769200744599 /* Main.storyboard in Resources */,
				81DE2BA71E248D9C00AF177A /* SHSubTagTwoCell.xib in Resources */,
			);
			runOnlyForDeploymentPostprocessing = 0;
		};
		811E25B81E12769200744599 /* Resources */ = {
			isa = PBXResourcesBuildPhase;
			buildActionMask = 2147483647;
			files = (
			);
			runOnlyForDeploymentPostprocessing = 0;
		};
		811E25C31E12769200744599 /* Resources */ = {
			isa = PBXResourcesBuildPhase;
			buildActionMask = 2147483647;
			files = (
			);
			runOnlyForDeploymentPostprocessing = 0;
		};
/* End PBXResourcesBuildPhase section */

/* Begin PBXShellScriptBuildPhase section */
		9A7B26D962137EEA421176A5 /* [CP] Check Pods Manifest.lock */ = {
			isa = PBXShellScriptBuildPhase;
			buildActionMask = 2147483647;
			files = (
			);
			inputPaths = (
			);
			name = "[CP] Check Pods Manifest.lock";
			outputPaths = (
			);
			runOnlyForDeploymentPostprocessing = 0;
			shellPath = /bin/sh;
			shellScript = "diff \"${PODS_ROOT}/../Podfile.lock\" \"${PODS_ROOT}/Manifest.lock\" > /dev/null\nif [ $? != 0 ] ; then\n    # print error to STDERR\n    echo \"error: The sandbox is not in sync with the Podfile.lock. Run 'pod install' or update your CocoaPods installation.\" >&2\n    exit 1\nfi\n";
			showEnvVarsInLog = 0;
		};
		E0C7E8E6A3B1DC218AA34B43 /* [CP] Embed Pods Frameworks */ = {
			isa = PBXShellScriptBuildPhase;
			buildActionMask = 2147483647;
			files = (
			);
			inputPaths = (
			);
			name = "[CP] Embed Pods Frameworks";
			outputPaths = (
			);
			runOnlyForDeploymentPostprocessing = 0;
			shellPath = /bin/sh;
			shellScript = "\"${SRCROOT}/Pods/Target Support Files/Pods-CustomTabBar/Pods-CustomTabBar-frameworks.sh\"\n";
			showEnvVarsInLog = 0;
		};
		F6DFACBFA48E4ED017A41E0B /* [CP] Copy Pods Resources */ = {
			isa = PBXShellScriptBuildPhase;
			buildActionMask = 2147483647;
			files = (
			);
			inputPaths = (
			);
			name = "[CP] Copy Pods Resources";
			outputPaths = (
			);
			runOnlyForDeploymentPostprocessing = 0;
			shellPath = /bin/sh;
			shellScript = "\"${SRCROOT}/Pods/Target Support Files/Pods-CustomTabBar/Pods-CustomTabBar-resources.sh\"\n";
			showEnvVarsInLog = 0;
		};
/* End PBXShellScriptBuildPhase section */

/* Begin PBXSourcesBuildPhase section */
		811E259D1E12769200744599 /* Sources */ = {
			isa = PBXSourcesBuildPhase;
			buildActionMask = 2147483647;
			files = (
				81BFA9581E1D05DA00D0AD35 /* SHFourViewController.m in Sources */,
				81B05F141E233AAB002A5CC9 /* UIView+SHFrame.m in Sources */,
				8136AC961E28BC3500966AF4 /* SHTitleBtn.m in Sources */,
				81B05F191E235E7E002A5CC9 /* SHConstStr.m in Sources */,
				81DE2BA61E248D9C00AF177A /* SHSubTagTwoCell.m in Sources */,
				813F18D21EFA1E19001A6493 /* SHFiveViewController.m in Sources */,
				81BFA94F1E1D05AD00D0AD35 /* SHOneViewController.m in Sources */,
				81DE2BAA1E24C05100AF177A /* SHSubTagItem.m in Sources */,
				811E25A91E12769200744599 /* AppDelegate.m in Sources */,
				8136AC8B1E28AD4C00966AF4 /* SHTopicOneTBController.m in Sources */,
				811E25A61E12769200744599 /* main.m in Sources */,
				81C269901E262A930057AC6B /* UIImageView+SHDownloader.m in Sources */,
				81DE2BAF1E24C30800AF177A /* SHAFNManger.m in Sources */,
				81BFA9521E1D05C200D0AD35 /* SHTwoViewController.m in Sources */,
				813F18D41EFA1E19001A6493 /* SHSquareItem.m in Sources */,
				8136AC8D1E28AD4C00966AF4 /* SHTopicTwoViewController.m in Sources */,
				8136AC881E28AD4C00966AF4 /* SHTopicBaseTableViewController.m in Sources */,
				81DE2BA21E248D7100AF177A /* SHSubTagTwoTBController.m in Sources */,
				81B05F261E236D30002A5CC9 /* SHSubTagViewController.m in Sources */,
				81B05F0E1E233077002A5CC9 /* UIImage+SHOriginalImage.m in Sources */,
				8136AC921E28B88500966AF4 /* SHTopicViewCell.m in Sources */,
				813F18D51EFA1E19001A6493 /* SHSquareCell.m in Sources */,
				81BFA9551E1D05CE00D0AD35 /* SHThreeViewController.m in Sources */,
				8136AC8A1E28AD4C00966AF4 /* SHTopicFourViewController.m in Sources */,
				8136AC891E28AD4C00966AF4 /* SHTopicFiveViewController.m in Sources */,
				81B05F291E2379F2002A5CC9 /* SHTagOneViewController.m in Sources */,
				81B05F231E236AF9002A5CC9 /* UIBarButtonItem+SHItem.m in Sources */,
				81B05F111E2339CE002A5CC9 /* SHTabBar.m in Sources */,
				8136AC8C1E28AD4C00966AF4 /* SHTopicThreeViewController.m in Sources */,
				811E25E01E1277BB00744599 /* CustomTabBarController.m in Sources */,
				81B05F201E2366C3002A5CC9 /* SHNavigationController.m in Sources */,
				81B05F2C1E2379FE002A5CC9 /* SHTagTwoViewController.m in Sources */,
			);
			runOnlyForDeploymentPostprocessing = 0;
		};
		811E25B61E12769200744599 /* Sources */ = {
			isa = PBXSourcesBuildPhase;
			buildActionMask = 2147483647;
			files = (
				811E25BF1E12769200744599 /* CustomTabBarTests.m in Sources */,
			);
			runOnlyForDeploymentPostprocessing = 0;
		};
		811E25C11E12769200744599 /* Sources */ = {
			isa = PBXSourcesBuildPhase;
			buildActionMask = 2147483647;
			files = (
				811E25CA1E12769200744599 /* CustomTabBarUITests.m in Sources */,
			);
			runOnlyForDeploymentPostprocessing = 0;
		};
/* End PBXSourcesBuildPhase section */

/* Begin PBXTargetDependency section */
		811E25BC1E12769200744599 /* PBXTargetDependency */ = {
			isa = PBXTargetDependency;
			target = 811E25A01E12769200744599 /* CustomTabBar */;
			targetProxy = 811E25BB1E12769200744599 /* PBXContainerItemProxy */;
		};
		811E25C71E12769200744599 /* PBXTargetDependency */ = {
			isa = PBXTargetDependency;
			target = 811E25A01E12769200744599 /* CustomTabBar */;
			targetProxy = 811E25C61E12769200744599 /* PBXContainerItemProxy */;
		};
/* End PBXTargetDependency section */

/* Begin PBXVariantGroup section */
		811E25AD1E12769200744599 /* Main.storyboard */ = {
			isa = PBXVariantGroup;
			children = (
				811E25AE1E12769200744599 /* Base */,
			);
			name = Main.storyboard;
			sourceTree = "<group>";
		};
		811E25B21E12769200744599 /* LaunchScreen.storyboard */ = {
			isa = PBXVariantGroup;
			children = (
				811E25B31E12769200744599 /* Base */,
			);
			name = LaunchScreen.storyboard;
			sourceTree = "<group>";
		};
/* End PBXVariantGroup section */

/* Begin XCBuildConfiguration section */
		811E25CC1E12769200744599 /* Debug */ = {
			isa = XCBuildConfiguration;
			buildSettings = {
				ALWAYS_SEARCH_USER_PATHS = NO;
				CLANG_ANALYZER_NONNULL = YES;
				CLANG_CXX_LANGUAGE_STANDARD = "gnu++0x";
				CLANG_CXX_LIBRARY = "libc++";
				CLANG_ENABLE_MODULES = YES;
				CLANG_ENABLE_OBJC_ARC = YES;
				CLANG_WARN_BOOL_CONVERSION = YES;
				CLANG_WARN_CONSTANT_CONVERSION = YES;
				CLANG_WARN_DIRECT_OBJC_ISA_USAGE = YES_ERROR;
				CLANG_WARN_DOCUMENTATION_COMMENTS = YES;
				CLANG_WARN_EMPTY_BODY = YES;
				CLANG_WARN_ENUM_CONVERSION = YES;
				CLANG_WARN_INFINITE_RECURSION = YES;
				CLANG_WARN_INT_CONVERSION = YES;
				CLANG_WARN_OBJC_ROOT_CLASS = YES_ERROR;
				CLANG_WARN_SUSPICIOUS_MOVES = YES;
				CLANG_WARN_UNREACHABLE_CODE = YES;
				CLANG_WARN__DUPLICATE_METHOD_MATCH = YES;
				"CODE_SIGN_IDENTITY[sdk=iphoneos*]" = "iPhone Developer";
				COPY_PHASE_STRIP = NO;
				DEBUG_INFORMATION_FORMAT = dwarf;
				ENABLE_STRICT_OBJC_MSGSEND = YES;
				ENABLE_TESTABILITY = YES;
				GCC_C_LANGUAGE_STANDARD = gnu99;
				GCC_DYNAMIC_NO_PIC = NO;
				GCC_NO_COMMON_BLOCKS = YES;
				GCC_OPTIMIZATION_LEVEL = 0;
				GCC_PREPROCESSOR_DEFINITIONS = (
					"DEBUG=1",
					"$(inherited)",
				);
				GCC_WARN_64_TO_32_BIT_CONVERSION = YES;
				GCC_WARN_ABOUT_RETURN_TYPE = YES_ERROR;
				GCC_WARN_UNDECLARED_SELECTOR = YES;
				GCC_WARN_UNINITIALIZED_AUTOS = YES_AGGRESSIVE;
				GCC_WARN_UNUSED_FUNCTION = YES;
				GCC_WARN_UNUSED_VARIABLE = YES;
				IPHONEOS_DEPLOYMENT_TARGET = 10.1;
				MTL_ENABLE_DEBUG_INFO = YES;
				ONLY_ACTIVE_ARCH = YES;
				SDKROOT = iphoneos;
				TARGETED_DEVICE_FAMILY = "1,2";
			};
			name = Debug;
		};
		811E25CD1E12769200744599 /* Release */ = {
			isa = XCBuildConfiguration;
			buildSettings = {
				ALWAYS_SEARCH_USER_PATHS = NO;
				CLANG_ANALYZER_NONNULL = YES;
				CLANG_CXX_LANGUAGE_STANDARD = "gnu++0x";
				CLANG_CXX_LIBRARY = "libc++";
				CLANG_ENABLE_MODULES = YES;
				CLANG_ENABLE_OBJC_ARC = YES;
				CLANG_WARN_BOOL_CONVERSION = YES;
				CLANG_WARN_CONSTANT_CONVERSION = YES;
				CLANG_WARN_DIRECT_OBJC_ISA_USAGE = YES_ERROR;
				CLANG_WARN_DOCUMENTATION_COMMENTS = YES;
				CLANG_WARN_EMPTY_BODY = YES;
				CLANG_WARN_ENUM_CONVERSION = YES;
				CLANG_WARN_INFINITE_RECURSION = YES;
				CLANG_WARN_INT_CONVERSION = YES;
				CLANG_WARN_OBJC_ROOT_CLASS = YES_ERROR;
				CLANG_WARN_SUSPICIOUS_MOVES = YES;
				CLANG_WARN_UNREACHABLE_CODE = YES;
				CLANG_WARN__DUPLICATE_METHOD_MATCH = YES;
				"CODE_SIGN_IDENTITY[sdk=iphoneos*]" = "iPhone Developer";
				COPY_PHASE_STRIP = NO;
				DEBUG_INFORMATION_FORMAT = "dwarf-with-dsym";
				ENABLE_NS_ASSERTIONS = NO;
				ENABLE_STRICT_OBJC_MSGSEND = YES;
				GCC_C_LANGUAGE_STANDARD = gnu99;
				GCC_NO_COMMON_BLOCKS = YES;
				GCC_WARN_64_TO_32_BIT_CONVERSION = YES;
				GCC_WARN_ABOUT_RETURN_TYPE = YES_ERROR;
				GCC_WARN_UNDECLARED_SELECTOR = YES;
				GCC_WARN_UNINITIALIZED_AUTOS = YES_AGGRESSIVE;
				GCC_WARN_UNUSED_FUNCTION = YES;
				GCC_WARN_UNUSED_VARIABLE = YES;
				IPHONEOS_DEPLOYMENT_TARGET = 10.1;
				MTL_ENABLE_DEBUG_INFO = NO;
				SDKROOT = iphoneos;
				TARGETED_DEVICE_FAMILY = "1,2";
				VALIDATE_PRODUCT = YES;
			};
			name = Release;
		};
		811E25CF1E12769200744599 /* Debug */ = {
			isa = XCBuildConfiguration;
			baseConfigurationReference = 6FDFEB2C25170984EA18B699 /* Pods-CustomTabBar.debug.xcconfig */;
			buildSettings = {
				ASSETCATALOG_COMPILER_APPICON_NAME = AppIcon;
				"CODE_SIGN_IDENTITY[sdk=iphoneos*]" = "iPhone Developer";
				DEVELOPMENT_TEAM = V2HDPP64PV;
				GCC_PRECOMPILE_PREFIX_HEADER = YES;
				GCC_PREFIX_HEADER = CustomTabBar/Class/CustomTabBar.pch;
				INFOPLIST_FILE = CustomTabBar/Info.plist;
				IPHONEOS_DEPLOYMENT_TARGET = 8.0;
				LD_RUNPATH_SEARCH_PATHS = "$(inherited) @executable_path/Frameworks";
				PRODUCT_BUNDLE_IDENTIFIER = sh.CustomTabBar;
				PRODUCT_NAME = "$(TARGET_NAME)";
			};
			name = Debug;
		};
		811E25D01E12769200744599 /* Release */ = {
			isa = XCBuildConfiguration;
			baseConfigurationReference = D7804082BF040B2299111758 /* Pods-CustomTabBar.release.xcconfig */;
			buildSettings = {
				ASSETCATALOG_COMPILER_APPICON_NAME = AppIcon;
				"CODE_SIGN_IDENTITY[sdk=iphoneos*]" = "iPhone Developer";
				DEVELOPMENT_TEAM = V2HDPP64PV;
				GCC_PRECOMPILE_PREFIX_HEADER = YES;
				GCC_PREFIX_HEADER = CustomTabBar/Class/CustomTabBar.pch;
				INFOPLIST_FILE = CustomTabBar/Info.plist;
				IPHONEOS_DEPLOYMENT_TARGET = 8.0;
				LD_RUNPATH_SEARCH_PATHS = "$(inherited) @executable_path/Frameworks";
				PRODUCT_BUNDLE_IDENTIFIER = sh.CustomTabBar;
				PRODUCT_NAME = "$(TARGET_NAME)";
			};
			name = Release;
		};
		811E25D21E12769200744599 /* Debug */ = {
			isa = XCBuildConfiguration;
			buildSettings = {
				BUNDLE_LOADER = "$(TEST_HOST)";
				INFOPLIST_FILE = CustomTabBarTests/Info.plist;
				LD_RUNPATH_SEARCH_PATHS = "$(inherited) @executable_path/Frameworks @loader_path/Frameworks";
				PRODUCT_BUNDLE_IDENTIFIER = sh.CustomTabBarTests;
				PRODUCT_NAME = "$(TARGET_NAME)";
				TEST_HOST = "$(BUILT_PRODUCTS_DIR)/CustomTabBar.app/CustomTabBar";
			};
			name = Debug;
		};
		811E25D31E12769200744599 /* Release */ = {
			isa = XCBuildConfiguration;
			buildSettings = {
				BUNDLE_LOADER = "$(TEST_HOST)";
				INFOPLIST_FILE = CustomTabBarTests/Info.plist;
				LD_RUNPATH_SEARCH_PATHS = "$(inherited) @executable_path/Frameworks @loader_path/Frameworks";
				PRODUCT_BUNDLE_IDENTIFIER = sh.CustomTabBarTests;
				PRODUCT_NAME = "$(TARGET_NAME)";
				TEST_HOST = "$(BUILT_PRODUCTS_DIR)/CustomTabBar.app/CustomTabBar";
			};
			name = Release;
		};
		811E25D51E12769200744599 /* Debug */ = {
			isa = XCBuildConfiguration;
			buildSettings = {
				INFOPLIST_FILE = CustomTabBarUITests/Info.plist;
				LD_RUNPATH_SEARCH_PATHS = "$(inherited) @executable_path/Frameworks @loader_path/Frameworks";
				PRODUCT_BUNDLE_IDENTIFIER = sh.CustomTabBarUITests;
				PRODUCT_NAME = "$(TARGET_NAME)";
				TEST_TARGET_NAME = CustomTabBar;
			};
			name = Debug;
		};
		811E25D61E12769200744599 /* Release */ = {
			isa = XCBuildConfiguration;
			buildSettings = {
				INFOPLIST_FILE = CustomTabBarUITests/Info.plist;
				LD_RUNPATH_SEARCH_PATHS = "$(inherited) @executable_path/Frameworks @loader_path/Frameworks";
				PRODUCT_BUNDLE_IDENTIFIER = sh.CustomTabBarUITests;
				PRODUCT_NAME = "$(TARGET_NAME)";
				TEST_TARGET_NAME = CustomTabBar;
			};
			name = Release;
		};
/* End XCBuildConfiguration section */

/* Begin XCConfigurationList section */
		811E259C1E12769200744599 /* Build configuration list for PBXProject "CustomTabBar" */ = {
			isa = XCConfigurationList;
			buildConfigurations = (
				811E25CC1E12769200744599 /* Debug */,
				811E25CD1E12769200744599 /* Release */,
			);
			defaultConfigurationIsVisible = 0;
			defaultConfigurationName = Release;
		};
		811E25CE1E12769200744599 /* Build configuration list for PBXNativeTarget "CustomTabBar" */ = {
			isa = XCConfigurationList;
			buildConfigurations = (
				811E25CF1E12769200744599 /* Debug */,
				811E25D01E12769200744599 /* Release */,
			);
			defaultConfigurationIsVisible = 0;
			defaultConfigurationName = Release;
		};
		811E25D11E12769200744599 /* Build configuration list for PBXNativeTarget "CustomTabBarTests" */ = {
			isa = XCConfigurationList;
			buildConfigurations = (
				811E25D21E12769200744599 /* Debug */,
				811E25D31E12769200744599 /* Release */,
			);
			defaultConfigurationIsVisible = 0;
			defaultConfigurationName = Release;
		};
		811E25D41E12769200744599 /* Build configuration list for PBXNativeTarget "CustomTabBarUITests" */ = {
			isa = XCConfigurationList;
			buildConfigurations = (
				811E25D51E12769200744599 /* Debug */,
				811E25D61E12769200744599 /* Release */,
			);
			defaultConfigurationIsVisible = 0;
			defaultConfigurationName = Release;
		};
/* End XCConfigurationList section */
	};
	rootObject = 811E25991E12769200744599 /* Project object */;
}
